
Microsoft Visual Studio Solution File, Format Version 12.00
# Visual Studio Version 17
VisualStudioVersion = 17.0.32002.185
MinimumVisualStudioVersion = 10.0.40219.1
Project("{2150E333-8FDC-42A3-9474-1A3956D46DE8}") = "1Beginner", "1Beginner", "{959398CC-A5FC-4DAA-B702-1BB100A8D420}"
EndProject
Project("{2150E333-8FDC-42A3-9474-1A3956D46DE8}") = "7DesignPattern", "7DesignPattern", "{E9A4E8B5-7E3F-43B6-BB47-ACF1DEE7843C}"
EndProject
Project("{9A19103F-16F7-4668-BE54-9A1E7A4F7556}") = "Csharp_BackEnd_Course.Beginner", "Csharp_BackEnd_Course.Beginner\Csharp_BackEnd_Course.Beginner.csproj", "{353A576F-8F47-422D-BB89-B82E48D97F0E}"
EndProject
Project("{2150E333-8FDC-42A3-9474-1A3956D46DE8}") = "2DataStructuresAndAlgorithms", "2DataStructuresAndAlgorithms", "{E0F605D0-C402-4F1A-87CE-23CD8D3BA66B}"
EndProject
Project("{2150E333-8FDC-42A3-9474-1A3956D46DE8}") = "8Tests", "8Tests", "{06ECBBE0-506E-4253-A03E-EA1916E67BF4}"
EndProject
Project("{9A19103F-16F7-4668-BE54-9A1E7A4F7556}") = "Csharp_BackEnd_Course.Threads", "Csharp_BackEnd_Course.Threads\Csharp_BackEnd_Course.Threads.csproj", "{68830472-3A2B-449B-97A2-9EBEDF6C7611}"
EndProject
Project("{9A19103F-16F7-4668-BE54-9A1E7A4F7556}") = "Csharp_BackEnd_Course.Test.Basic", "Csharp_BackEnd_Course.Test.Basic\Csharp_BackEnd_Course.Test.Basic.csproj", "{B87B7691-D383-4FC4-A7A9-EC951969E25D}"
EndProject
Project("{9A19103F-16F7-4668-BE54-9A1E7A4F7556}") = "Csharp_BackEnd_Course.Wpf.ImageConvertor", "Csharp_BackEnd_Course.Wpf.ImageConvertor\Csharp_BackEnd_Course.Wpf.ImageConvertor.csproj", "{1A91E1FC-3AC4-4275-8D85-295BBF83283C}"
EndProject
Project("{FAE04EC0-301F-11D3-BF4B-00C04F79EFBC}") = "Csharp_BackEnd_Course.Wrongs", "Csharp_BackEnd_Course.Wrongs\Csharp_BackEnd_Course.Wrongs.csproj", "{886F10C4-202A-437B-A362-BF3FCFDA94CA}"
EndProject
Project("{FAE04EC0-301F-11D3-BF4B-00C04F79EFBC}") = "Csharp_BackEnd_Course.DesignPattern.Basic", "Csharp_BackEnd_Course.DesignPattern.Basic\Csharp_BackEnd_Course.DesignPattern.Basic.csproj", "{C3966308-A7C0-4F75-9EE3-4754D5FED1F2}"
EndProject
Project("{FAE04EC0-301F-11D3-BF4B-00C04F79EFBC}") = "Csharp_BackEnd_Course.ResultOrWait", "Csharp_BackEnd_Course.ResultOrWait\Csharp_BackEnd_Course.ResultOrWait.csproj", "{18FAAF2A-6211-41C0-A9A6-FB6165456971}"
EndProject
Project("{FAE04EC0-301F-11D3-BF4B-00C04F79EFBC}") = "Csharp_BackEnd_Course.EverythingPublic", "Csharp_BackEnd_Course.EverythingPublic\Csharp_BackEnd_Course.EverythingPublic.csproj", "{360447E7-6A00-47AF-9938-0C88BEF51BA6}"
EndProject
Project("{2150E333-8FDC-42A3-9474-1A3956D46DE8}") = "4ASPNetCore", "4ASPNetCore", "{856E79E1-A819-4EC1-AEF5-D20951C3D894}"
EndProject
Project("{FAE04EC0-301F-11D3-BF4B-00C04F79EFBC}") = "Csharp_BackEnd_Course.Secrets", "Csharp_BackEnd_Course.Secrets\Csharp_BackEnd_Course.Secrets.csproj", "{2FC4721A-A6D0-4658-804B-6ED320DE2ACB}"
EndProject
Project("{FAE04EC0-301F-11D3-BF4B-00C04F79EFBC}") = "Csharp_BackEnd_Course.Validation", "Csharp_BackEnd_Course.Validation\Csharp_BackEnd_Course.Validation.csproj", "{332EAF7D-4535-45E8-A994-078052847274}"
EndProject
Project("{FAE04EC0-301F-11D3-BF4B-00C04F79EFBC}") = "Csharp_BackEnd_Course.SampleWeb", "Csharp_BackEnd_Course.SampleWeb\Csharp_BackEnd_Course.SampleWeb.csproj", "{DDEC90F4-4FE1-441A-9E43-15A1BE7A065C}"
EndProject
Project("{FAE04EC0-301F-11D3-BF4B-00C04F79EFBC}") = "Csharp_BackEnd_Course.HelloAspNet", "Csharp_BackEnd_Course.HelloAspNet\Csharp_BackEnd_Course.HelloAspNet.csproj", "{684D8007-3A00-43B7-ACE7-02235CA5C173}"
EndProject
Project("{FAE04EC0-301F-11D3-BF4B-00C04F79EFBC}") = "Csharp_BackEnd_Course.HelloAspNet.Tests", "Csharp_BackEnd_Course.HelloAspNet.Tests\Csharp_BackEnd_Course.HelloAspNet.Tests.csproj", "{09C58699-2A33-4F23-B426-D376E519B02E}"
EndProject
Project("{FAE04EC0-301F-11D3-BF4B-00C04F79EFBC}") = "Csharp_BackEnd_Course.HelloAspNet.Helper", "Csharp_BackEnd_Course.HelloAspNet.Helper\Csharp_BackEnd_Course.HelloAspNet.Helper.csproj", "{A84205FC-332B-45EB-92FF-6A1ED8C52150}"
EndProject
Project("{2150E333-8FDC-42A3-9474-1A3956D46DE8}") = "6API", "6API", "{AF30347E-8ABC-4583-8117-87171A9AF7DA}"
EndProject
Project("{FAE04EC0-301F-11D3-BF4B-00C04F79EFBC}") = "Csharp_BackEnd_Course.QuotexchangeAPI", "Csharp_BackEnd_Course.QuotexchangeAPI\Csharp_BackEnd_Course.QuotexchangeAPI.csproj", "{2EDDD92B-BF8B-4216-9D4B-767184B90F11}"
EndProject
Project("{2150E333-8FDC-42A3-9474-1A3956D46DE8}") = "3CsharpFeatures", "3CsharpFeatures", "{8951B64C-8794-4F32-9163-1E000192A8EC}"
EndProject
Project("{FAE04EC0-301F-11D3-BF4B-00C04F79EFBC}") = "Csharp_BackEnd_Course.Csharp7", "Csharp_BackEnd_Course.Csharp7\Csharp_BackEnd_Course.Csharp7.csproj", "{0E569FAD-80C3-4369-B323-AA86D6E0CD5B}"
EndProject
Project("{FAE04EC0-301F-11D3-BF4B-00C04F79EFBC}") = "Csharp_BackEnd_Course.Csharp8", "Csharp_BackEnd_Course.Csharp8\Csharp_BackEnd_Course.Csharp8.csproj", "{51BE636A-2D82-40E2-ABF3-4E3D16997C44}"
EndProject
Project("{FAE04EC0-301F-11D3-BF4B-00C04F79EFBC}") = "Csharp_BackEnd_Course.GenericHost", "Csharp_BackEnd_Course.GenericHost\Csharp_BackEnd_Course.GenericHost.csproj", "{B290FC8D-3095-4567-AA0C-CCA4DED2BA9C}"
EndProject
Project("{2150E333-8FDC-42A3-9474-1A3956D46DE8}") = "5ObjectOriented", "5ObjectOriented", "{B7B53FC9-58A0-4167-A655-C93A553563EA}"
EndProject
Project("{FAE04EC0-301F-11D3-BF4B-00C04F79EFBC}") = "Csharp_BackEnd_Course.Sample1", "Csharp_BackEnd_Course.Sample1\Csharp_BackEnd_Course.Sample1.csproj", "{F896920D-36C4-458E-BE69-2187EA4040C3}"
EndProject
Project("{FAE04EC0-301F-11D3-BF4B-00C04F79EFBC}") = "Csharp_BackEnd_Course.HelloWorld", "Csharp_BackEnd_Course.HelloWorld\Csharp_BackEnd_Course.HelloWorld.csproj", "{6A2A0BF3-DD58-4117-9A38-C344107EEE26}"
EndProject
Project("{FAE04EC0-301F-11D3-BF4B-00C04F79EFBC}") = "Csharp_BackEnd_Course.Sample2", "Csharp_BackEnd_Course.Sample2\Csharp_BackEnd_Course.Sample2.csproj", "{FC27FC9F-EB7D-48F5-9B06-0CC33DAD5A52}"
EndProject
Project("{FAE04EC0-301F-11D3-BF4B-00C04F79EFBC}") = "Csharp_BackEnd_Course.Sample2.Tests", "Csharp_BackEnd_Course.Sample2.Tests\Csharp_BackEnd_Course.Sample2.Tests.csproj", "{414296C7-F600-4ACF-A42F-7EEEE28AE2A4}"
EndProject
Project("{FAE04EC0-301F-11D3-BF4B-00C04F79EFBC}") = "Csharp_BackEnd_Course.DataStructuresAndAlgorithms", "Csharp_BackEnd_Course.DataStructuresAndAlgorithms\Csharp_BackEnd_Course.DataStructuresAndAlgorithms.csproj", "{929C3112-6F01-4E8F-BFEA-B083EE80E911}"
EndProject
Project("{FAE04EC0-301F-11D3-BF4B-00C04F79EFBC}") = "Csharp_BackEnd_Course.StacksAndQueues", "Csharp_BackEnd_Course.StacksAndQueues\Csharp_BackEnd_Course.StacksAndQueues.csproj", "{48241350-1AFD-4B95-99DE-BE8E07A01BFD}"
EndProject
Project("{FAE04EC0-301F-11D3-BF4B-00C04F79EFBC}") = "Csharp_BackEnd_Course.Tree", "Csharp_BackEnd_Course.Tree\Csharp_BackEnd_Course.Tree.csproj", "{D72D634D-EE1A-4A9B-AC1F-E3CBA20CB39C}"
EndProject
Project("{FAE04EC0-301F-11D3-BF4B-00C04F79EFBC}") = "Csharp_BackEnd_Course.ASPNet.Route", "Csharp_BackEnd_Course.ASPNet.Route\Csharp_BackEnd_Course.ASPNet.Route.csproj", "{B6627212-C81E-4175-9514-9DC5FE13B72E}"
EndProject
Project("{FAE04EC0-301F-11D3-BF4B-00C04F79EFBC}") = "Csharp_BackEnd_Course.ASPNet.Sample1", "Csharp_BackEnd_Course.ASPNet.Sample1\Csharp_BackEnd_Course.ASPNet.Sample1.csproj", "{D34F526E-B06E-43F4-A8D6-B4878A89B11B}"
EndProject
Project("{FAE04EC0-301F-11D3-BF4B-00C04F79EFBC}") = "Csharp_BackEnd_Course.ASPNet.Middleware", "Csharp_BackEnd_Course.ASPNet.Middleware\Csharp_BackEnd_Course.ASPNet.Middleware.csproj", "{28F50031-9EFE-423E-BE86-718DD2A6757D}"
EndProject
Project("{FAE04EC0-301F-11D3-BF4B-00C04F79EFBC}") = "Csharp_BackEnd_Course.ASPNet.Sample2", "Csharp_BackEnd_Course.ASPNet.Sample2\Csharp_BackEnd_Course.ASPNet.Sample2.csproj", "{FC7DE647-BD86-473B-8DFB-803A4310D29D}"
EndProject
Project("{FAE04EC0-301F-11D3-BF4B-00C04F79EFBC}") = "Csharp_BackEnd_Course.ASPNet.Sample3", "Csharp_BackEnd_Course.ASPNet.Sample3\Csharp_BackEnd_Course.ASPNet.Sample3.csproj", "{633D34DD-771C-4A80-A069-D7C46F3A69FE}"
EndProject
Project("{FAE04EC0-301F-11D3-BF4B-00C04F79EFBC}") = "Csharp_BackEnd_Course.ASPNet.Sample4", "Csharp_BackEnd_Course.ASPNet.Sample4\Csharp_BackEnd_Course.ASPNet.Sample4.csproj", "{5DDA6053-2BDA-43F7-B7C5-94EE3432A240}"
EndProject
Project("{FAE04EC0-301F-11D3-BF4B-00C04F79EFBC}") = "Csharp_BackEnd_Course.ASPNet.Sample5", "Csharp_BackEnd_Course.ASPNet.Sample5\Csharp_BackEnd_Course.ASPNet.Sample5.csproj", "{133E878F-C2DD-4478-9760-E47AEDC36967}"
EndProject
Project("{FAE04EC0-301F-11D3-BF4B-00C04F79EFBC}") = "Csharp_BackEnd_Course.ASPNet.Sample6", "Csharp_BackEnd_Course.ASPNet.Sample6\Csharp_BackEnd_Course.ASPNet.Sample6.csproj", "{BD82A5BE-CB56-43A5-8B82-A9C890902049}"
EndProject
Project("{FAE04EC0-301F-11D3-BF4B-00C04F79EFBC}") = "Csharp_BackEnd_Course.ASPNet.Sample7", "Csharp_BackEnd_Course.ASPNet.Sample7\Csharp_BackEnd_Course.ASPNet.Sample7.csproj", "{7C4261FF-6FC8-4480-BE9B-987477E6E96C}"
EndProject
Project("{FAE04EC0-301F-11D3-BF4B-00C04F79EFBC}") = "Csharp_BackEnd_Course.ASPNet.ToDoApp1", "Csharp_BackEnd_Course.ASPNet.ToDoApp1\Csharp_BackEnd_Course.ASPNet.ToDoApp1.csproj", "{1B57B616-93E5-4842-B40E-4F6D462AC47D}"
EndProject
Project("{FAE04EC0-301F-11D3-BF4B-00C04F79EFBC}") = "Csharp_BackEnd_Course.ASPNet.ToDoApp2", "Csharp_BackEnd_Course.ASPNet.ToDoApp2\Csharp_BackEnd_Course.ASPNet.ToDoApp2.csproj", "{B17E7FD5-9E43-4177-AEA1-482E58F5D6F9}"
EndProject
Project("{FAE04EC0-301F-11D3-BF4B-00C04F79EFBC}") = "Csharp_BackEnd_Course.ASPNet.ToDoBlazor", "Csharp_BackEnd_Course.ASPNet.ToDoBlazor\Csharp_BackEnd_Course.ASPNet.ToDoBlazor.csproj", "{152C564C-A38C-40F3-AC53-0814CDA588BE}"
EndProject
Project("{FAE04EC0-301F-11D3-BF4B-00C04F79EFBC}") = "Csharp_BackEnd_Course.PresentationalWebsite", "Csharp_BackEnd_Course.PresentationalWebsite\Csharp_BackEnd_Course.PresentationalWebsite.csproj", "{13CDCBFD-13E9-4653-82D6-0890B4E782E2}"
EndProject
Project("{FAE04EC0-301F-11D3-BF4B-00C04F79EFBC}") = "Csharp_BackEnd_Course.ToDosDesktop", "Csharp_BackEnd_Course.ToDosDesktop\Csharp_BackEnd_Course.ToDosDesktop.csproj", "{E6C60197-71E1-4A6E-AE51-67D04B78B846}"
EndProject
Project("{FAE04EC0-301F-11D3-BF4B-00C04F79EFBC}") = "AsynchronousFileIO", "Csharp_BackEnd_Course.AsynchronousFileIO\AsynchronousFileIO.csproj", "{01E25377-35C3-4808-8E8D-9D5C8FEBE933}"
EndProject
Project("{FAE04EC0-301F-11D3-BF4B-00C04F79EFBC}") = "FilesExample", "Csharp_BackEnd_Course.FilesExample\FilesExample.csproj", "{095B2299-A3B9-41CE-9189-8F59AE131A0B}"
EndProject
Project("{FAE04EC0-301F-11D3-BF4B-00C04F79EFBC}") = "Csharp_BackEnd_Course.Beginner.ResponsiveApps", "Csharp_BackEnd_Course.Beginner.ResponsiveApps\Csharp_BackEnd_Course.Beginner.ResponsiveApps.csproj", "{98820309-1748-42CC-A5CF-5614B68527B1}"
EndProject
Project("{FAE04EC0-301F-11D3-BF4B-00C04F79EFBC}") = "Csharp_BackEnd_Course.IObservable.Form", "Csharp_BackEnd_Course.IObservable.Form\Csharp_BackEnd_Course.IObservable.Form.csproj", "{2F934D48-FBE4-424B-B9E8-864D40B3DAC8}"
EndProject
Project("{FAE04EC0-301F-11D3-BF4B-00C04F79EFBC}") = "Csharp_BackEnd_Course.IObservable", "Csharp_BackEnd_Course.IObservable\Csharp_BackEnd_Course.IObservable.csproj", "{3E047E67-40CD-44F5-A6D7-8C1249080DB5}"
EndProject
Project("{FAE04EC0-301F-11D3-BF4B-00C04F79EFBC}") = "Csharp_BackEnd_Course.ASPNet.Sample8", "Csharp_BackEnd_Course.ASPNet.Sample8\Csharp_BackEnd_Course.ASPNet.Sample8.csproj", "{20A901A1-C901-478D-962C-252BDC673D73}"
EndProject
Project("{FAE04EC0-301F-11D3-BF4B-00C04F79EFBC}") = "Csharp_BackEnd_Course.CalculatorFunctional", "Csharp_BackEnd_Course.CalculatorFunctional\Csharp_BackEnd_Course.CalculatorFunctional.csproj", "{89295FD9-093E-4296-BF04-4E8BC7D51852}"
EndProject
Project("{FAE04EC0-301F-11D3-BF4B-00C04F79EFBC}") = "Csharp_BackEnd_Course.CalculatorImperative", "Csharp_BackEnd_Course.CalculatorImperative\Csharp_BackEnd_Course.CalculatorImperative.csproj", "{075488EA-BB9A-4C2E-8BF2-F1E4927883E2}"
EndProject
Project("{FAE04EC0-301F-11D3-BF4B-00C04F79EFBC}") = "Csharp_BackEnd_Course.Functional", "Csharp_BackEnd_Course.Functional\Csharp_BackEnd_Course.Functional.csproj", "{B04FAC1E-B138-4580-BEA4-4C5AF7FBD0B3}"
EndProject
Project("{FAE04EC0-301F-11D3-BF4B-00C04F79EFBC}") = "Csharp_BackEnd_Course.DesignPattern.GOF", "Csharp_BackEnd_Course.DesignPattern.GOF\Csharp_BackEnd_Course.DesignPattern.GOF.csproj", "{8FEAE379-5E38-4C75-97E4-00445798E3F1}"
EndProject
Global
	GlobalSection(SolutionConfigurationPlatforms) = preSolution
		Debug|Any CPU = Debug|Any CPU
		Release|Any CPU = Release|Any CPU
	EndGlobalSection
	GlobalSection(ProjectConfigurationPlatforms) = postSolution
		{353A576F-8F47-422D-BB89-B82E48D97F0E}.Debug|Any CPU.ActiveCfg = Debug|Any CPU
		{353A576F-8F47-422D-BB89-B82E48D97F0E}.Debug|Any CPU.Build.0 = Debug|Any CPU
		{353A576F-8F47-422D-BB89-B82E48D97F0E}.Release|Any CPU.ActiveCfg = Release|Any CPU
		{353A576F-8F47-422D-BB89-B82E48D97F0E}.Release|Any CPU.Build.0 = Release|Any CPU
		{68830472-3A2B-449B-97A2-9EBEDF6C7611}.Debug|Any CPU.ActiveCfg = Debug|Any CPU
		{68830472-3A2B-449B-97A2-9EBEDF6C7611}.Debug|Any CPU.Build.0 = Debug|Any CPU
		{68830472-3A2B-449B-97A2-9EBEDF6C7611}.Release|Any CPU.ActiveCfg = Release|Any CPU
		{68830472-3A2B-449B-97A2-9EBEDF6C7611}.Release|Any CPU.Build.0 = Release|Any CPU
		{B87B7691-D383-4FC4-A7A9-EC951969E25D}.Debug|Any CPU.ActiveCfg = Debug|Any CPU
		{B87B7691-D383-4FC4-A7A9-EC951969E25D}.Debug|Any CPU.Build.0 = Debug|Any CPU
		{B87B7691-D383-4FC4-A7A9-EC951969E25D}.Release|Any CPU.ActiveCfg = Release|Any CPU
		{B87B7691-D383-4FC4-A7A9-EC951969E25D}.Release|Any CPU.Build.0 = Release|Any CPU
		{1A91E1FC-3AC4-4275-8D85-295BBF83283C}.Debug|Any CPU.ActiveCfg = Debug|Any CPU
		{1A91E1FC-3AC4-4275-8D85-295BBF83283C}.Debug|Any CPU.Build.0 = Debug|Any CPU
		{1A91E1FC-3AC4-4275-8D85-295BBF83283C}.Release|Any CPU.ActiveCfg = Release|Any CPU
		{1A91E1FC-3AC4-4275-8D85-295BBF83283C}.Release|Any CPU.Build.0 = Release|Any CPU
		{886F10C4-202A-437B-A362-BF3FCFDA94CA}.Debug|Any CPU.ActiveCfg = Debug|Any CPU
		{886F10C4-202A-437B-A362-BF3FCFDA94CA}.Debug|Any CPU.Build.0 = Debug|Any CPU
		{886F10C4-202A-437B-A362-BF3FCFDA94CA}.Release|Any CPU.ActiveCfg = Release|Any CPU
		{886F10C4-202A-437B-A362-BF3FCFDA94CA}.Release|Any CPU.Build.0 = Release|Any CPU
		{C3966308-A7C0-4F75-9EE3-4754D5FED1F2}.Debug|Any CPU.ActiveCfg = Debug|Any CPU
		{C3966308-A7C0-4F75-9EE3-4754D5FED1F2}.Debug|Any CPU.Build.0 = Debug|Any CPU
		{C3966308-A7C0-4F75-9EE3-4754D5FED1F2}.Release|Any CPU.ActiveCfg = Release|Any CPU
		{C3966308-A7C0-4F75-9EE3-4754D5FED1F2}.Release|Any CPU.Build.0 = Release|Any CPU
		{18FAAF2A-6211-41C0-A9A6-FB6165456971}.Debug|Any CPU.ActiveCfg = Debug|Any CPU
		{18FAAF2A-6211-41C0-A9A6-FB6165456971}.Debug|Any CPU.Build.0 = Debug|Any CPU
		{18FAAF2A-6211-41C0-A9A6-FB6165456971}.Release|Any CPU.ActiveCfg = Release|Any CPU
		{18FAAF2A-6211-41C0-A9A6-FB6165456971}.Release|Any CPU.Build.0 = Release|Any CPU
		{360447E7-6A00-47AF-9938-0C88BEF51BA6}.Debug|Any CPU.ActiveCfg = Debug|Any CPU
		{360447E7-6A00-47AF-9938-0C88BEF51BA6}.Debug|Any CPU.Build.0 = Debug|Any CPU
		{360447E7-6A00-47AF-9938-0C88BEF51BA6}.Release|Any CPU.ActiveCfg = Release|Any CPU
		{360447E7-6A00-47AF-9938-0C88BEF51BA6}.Release|Any CPU.Build.0 = Release|Any CPU
		{2FC4721A-A6D0-4658-804B-6ED320DE2ACB}.Debug|Any CPU.ActiveCfg = Debug|Any CPU
		{2FC4721A-A6D0-4658-804B-6ED320DE2ACB}.Debug|Any CPU.Build.0 = Debug|Any CPU
		{2FC4721A-A6D0-4658-804B-6ED320DE2ACB}.Release|Any CPU.ActiveCfg = Release|Any CPU
		{2FC4721A-A6D0-4658-804B-6ED320DE2ACB}.Release|Any CPU.Build.0 = Release|Any CPU
		{332EAF7D-4535-45E8-A994-078052847274}.Debug|Any CPU.ActiveCfg = Debug|Any CPU
		{332EAF7D-4535-45E8-A994-078052847274}.Debug|Any CPU.Build.0 = Debug|Any CPU
		{332EAF7D-4535-45E8-A994-078052847274}.Release|Any CPU.ActiveCfg = Release|Any CPU
		{332EAF7D-4535-45E8-A994-078052847274}.Release|Any CPU.Build.0 = Release|Any CPU
		{DDEC90F4-4FE1-441A-9E43-15A1BE7A065C}.Debug|Any CPU.ActiveCfg = Debug|Any CPU
		{DDEC90F4-4FE1-441A-9E43-15A1BE7A065C}.Debug|Any CPU.Build.0 = Debug|Any CPU
		{DDEC90F4-4FE1-441A-9E43-15A1BE7A065C}.Release|Any CPU.ActiveCfg = Release|Any CPU
		{DDEC90F4-4FE1-441A-9E43-15A1BE7A065C}.Release|Any CPU.Build.0 = Release|Any CPU
		{684D8007-3A00-43B7-ACE7-02235CA5C173}.Debug|Any CPU.ActiveCfg = Debug|Any CPU
		{684D8007-3A00-43B7-ACE7-02235CA5C173}.Debug|Any CPU.Build.0 = Debug|Any CPU
		{684D8007-3A00-43B7-ACE7-02235CA5C173}.Release|Any CPU.ActiveCfg = Release|Any CPU
		{684D8007-3A00-43B7-ACE7-02235CA5C173}.Release|Any CPU.Build.0 = Release|Any CPU
		{09C58699-2A33-4F23-B426-D376E519B02E}.Debug|Any CPU.ActiveCfg = Debug|Any CPU
		{09C58699-2A33-4F23-B426-D376E519B02E}.Debug|Any CPU.Build.0 = Debug|Any CPU
		{09C58699-2A33-4F23-B426-D376E519B02E}.Release|Any CPU.ActiveCfg = Release|Any CPU
		{09C58699-2A33-4F23-B426-D376E519B02E}.Release|Any CPU.Build.0 = Release|Any CPU
		{A84205FC-332B-45EB-92FF-6A1ED8C52150}.Debug|Any CPU.ActiveCfg = Debug|Any CPU
		{A84205FC-332B-45EB-92FF-6A1ED8C52150}.Debug|Any CPU.Build.0 = Debug|Any CPU
		{A84205FC-332B-45EB-92FF-6A1ED8C52150}.Release|Any CPU.ActiveCfg = Release|Any CPU
		{A84205FC-332B-45EB-92FF-6A1ED8C52150}.Release|Any CPU.Build.0 = Release|Any CPU
		{2EDDD92B-BF8B-4216-9D4B-767184B90F11}.Debug|Any CPU.ActiveCfg = Debug|Any CPU
		{2EDDD92B-BF8B-4216-9D4B-767184B90F11}.Debug|Any CPU.Build.0 = Debug|Any CPU
		{2EDDD92B-BF8B-4216-9D4B-767184B90F11}.Release|Any CPU.ActiveCfg = Release|Any CPU
		{2EDDD92B-BF8B-4216-9D4B-767184B90F11}.Release|Any CPU.Build.0 = Release|Any CPU
		{0E569FAD-80C3-4369-B323-AA86D6E0CD5B}.Debug|Any CPU.ActiveCfg = Debug|Any CPU
		{0E569FAD-80C3-4369-B323-AA86D6E0CD5B}.Debug|Any CPU.Build.0 = Debug|Any CPU
		{0E569FAD-80C3-4369-B323-AA86D6E0CD5B}.Release|Any CPU.ActiveCfg = Release|Any CPU
		{0E569FAD-80C3-4369-B323-AA86D6E0CD5B}.Release|Any CPU.Build.0 = Release|Any CPU
		{51BE636A-2D82-40E2-ABF3-4E3D16997C44}.Debug|Any CPU.ActiveCfg = Debug|Any CPU
		{51BE636A-2D82-40E2-ABF3-4E3D16997C44}.Debug|Any CPU.Build.0 = Debug|Any CPU
		{51BE636A-2D82-40E2-ABF3-4E3D16997C44}.Release|Any CPU.ActiveCfg = Release|Any CPU
		{51BE636A-2D82-40E2-ABF3-4E3D16997C44}.Release|Any CPU.Build.0 = Release|Any CPU
		{B290FC8D-3095-4567-AA0C-CCA4DED2BA9C}.Debug|Any CPU.ActiveCfg = Debug|Any CPU
		{B290FC8D-3095-4567-AA0C-CCA4DED2BA9C}.Debug|Any CPU.Build.0 = Debug|Any CPU
		{B290FC8D-3095-4567-AA0C-CCA4DED2BA9C}.Release|Any CPU.ActiveCfg = Release|Any CPU
		{B290FC8D-3095-4567-AA0C-CCA4DED2BA9C}.Release|Any CPU.Build.0 = Release|Any CPU
		{F896920D-36C4-458E-BE69-2187EA4040C3}.Debug|Any CPU.ActiveCfg = Debug|Any CPU
		{F896920D-36C4-458E-BE69-2187EA4040C3}.Debug|Any CPU.Build.0 = Debug|Any CPU
		{F896920D-36C4-458E-BE69-2187EA4040C3}.Release|Any CPU.ActiveCfg = Release|Any CPU
		{F896920D-36C4-458E-BE69-2187EA4040C3}.Release|Any CPU.Build.0 = Release|Any CPU
		{6A2A0BF3-DD58-4117-9A38-C344107EEE26}.Debug|Any CPU.ActiveCfg = Debug|Any CPU
		{6A2A0BF3-DD58-4117-9A38-C344107EEE26}.Debug|Any CPU.Build.0 = Debug|Any CPU
		{6A2A0BF3-DD58-4117-9A38-C344107EEE26}.Release|Any CPU.ActiveCfg = Release|Any CPU
		{6A2A0BF3-DD58-4117-9A38-C344107EEE26}.Release|Any CPU.Build.0 = Release|Any CPU
		{FC27FC9F-EB7D-48F5-9B06-0CC33DAD5A52}.Debug|Any CPU.ActiveCfg = Debug|Any CPU
		{FC27FC9F-EB7D-48F5-9B06-0CC33DAD5A52}.Debug|Any CPU.Build.0 = Debug|Any CPU
		{FC27FC9F-EB7D-48F5-9B06-0CC33DAD5A52}.Release|Any CPU.ActiveCfg = Release|Any CPU
		{FC27FC9F-EB7D-48F5-9B06-0CC33DAD5A52}.Release|Any CPU.Build.0 = Release|Any CPU
		{414296C7-F600-4ACF-A42F-7EEEE28AE2A4}.Debug|Any CPU.ActiveCfg = Debug|Any CPU
		{414296C7-F600-4ACF-A42F-7EEEE28AE2A4}.Debug|Any CPU.Build.0 = Debug|Any CPU
		{414296C7-F600-4ACF-A42F-7EEEE28AE2A4}.Release|Any CPU.ActiveCfg = Release|Any CPU
		{414296C7-F600-4ACF-A42F-7EEEE28AE2A4}.Release|Any CPU.Build.0 = Release|Any CPU
		{929C3112-6F01-4E8F-BFEA-B083EE80E911}.Debug|Any CPU.ActiveCfg = Debug|Any CPU
		{929C3112-6F01-4E8F-BFEA-B083EE80E911}.Debug|Any CPU.Build.0 = Debug|Any CPU
		{929C3112-6F01-4E8F-BFEA-B083EE80E911}.Release|Any CPU.ActiveCfg = Release|Any CPU
		{929C3112-6F01-4E8F-BFEA-B083EE80E911}.Release|Any CPU.Build.0 = Release|Any CPU
		{48241350-1AFD-4B95-99DE-BE8E07A01BFD}.Debug|Any CPU.ActiveCfg = Debug|Any CPU
		{48241350-1AFD-4B95-99DE-BE8E07A01BFD}.Debug|Any CPU.Build.0 = Debug|Any CPU
		{48241350-1AFD-4B95-99DE-BE8E07A01BFD}.Release|Any CPU.ActiveCfg = Release|Any CPU
		{48241350-1AFD-4B95-99DE-BE8E07A01BFD}.Release|Any CPU.Build.0 = Release|Any CPU
		{D72D634D-EE1A-4A9B-AC1F-E3CBA20CB39C}.Debug|Any CPU.ActiveCfg = Debug|Any CPU
		{D72D634D-EE1A-4A9B-AC1F-E3CBA20CB39C}.Debug|Any CPU.Build.0 = Debug|Any CPU
		{D72D634D-EE1A-4A9B-AC1F-E3CBA20CB39C}.Release|Any CPU.ActiveCfg = Release|Any CPU
		{D72D634D-EE1A-4A9B-AC1F-E3CBA20CB39C}.Release|Any CPU.Build.0 = Release|Any CPU
		{B6627212-C81E-4175-9514-9DC5FE13B72E}.Debug|Any CPU.ActiveCfg = Debug|Any CPU
		{B6627212-C81E-4175-9514-9DC5FE13B72E}.Debug|Any CPU.Build.0 = Debug|Any CPU
		{B6627212-C81E-4175-9514-9DC5FE13B72E}.Release|Any CPU.ActiveCfg = Release|Any CPU
		{B6627212-C81E-4175-9514-9DC5FE13B72E}.Release|Any CPU.Build.0 = Release|Any CPU
		{D34F526E-B06E-43F4-A8D6-B4878A89B11B}.Debug|Any CPU.ActiveCfg = Debug|Any CPU
		{D34F526E-B06E-43F4-A8D6-B4878A89B11B}.Debug|Any CPU.Build.0 = Debug|Any CPU
		{D34F526E-B06E-43F4-A8D6-B4878A89B11B}.Release|Any CPU.ActiveCfg = Release|Any CPU
		{D34F526E-B06E-43F4-A8D6-B4878A89B11B}.Release|Any CPU.Build.0 = Release|Any CPU
		{28F50031-9EFE-423E-BE86-718DD2A6757D}.Debug|Any CPU.ActiveCfg = Debug|Any CPU
		{28F50031-9EFE-423E-BE86-718DD2A6757D}.Debug|Any CPU.Build.0 = Debug|Any CPU
		{28F50031-9EFE-423E-BE86-718DD2A6757D}.Release|Any CPU.ActiveCfg = Release|Any CPU
		{28F50031-9EFE-423E-BE86-718DD2A6757D}.Release|Any CPU.Build.0 = Release|Any CPU
		{FC7DE647-BD86-473B-8DFB-803A4310D29D}.Debug|Any CPU.ActiveCfg = Debug|Any CPU
		{FC7DE647-BD86-473B-8DFB-803A4310D29D}.Debug|Any CPU.Build.0 = Debug|Any CPU
		{FC7DE647-BD86-473B-8DFB-803A4310D29D}.Release|Any CPU.ActiveCfg = Release|Any CPU
		{FC7DE647-BD86-473B-8DFB-803A4310D29D}.Release|Any CPU.Build.0 = Release|Any CPU
		{633D34DD-771C-4A80-A069-D7C46F3A69FE}.Debug|Any CPU.ActiveCfg = Debug|Any CPU
		{633D34DD-771C-4A80-A069-D7C46F3A69FE}.Debug|Any CPU.Build.0 = Debug|Any CPU
		{633D34DD-771C-4A80-A069-D7C46F3A69FE}.Release|Any CPU.ActiveCfg = Release|Any CPU
		{633D34DD-771C-4A80-A069-D7C46F3A69FE}.Release|Any CPU.Build.0 = Release|Any CPU
		{5DDA6053-2BDA-43F7-B7C5-94EE3432A240}.Debug|Any CPU.ActiveCfg = Debug|Any CPU
		{5DDA6053-2BDA-43F7-B7C5-94EE3432A240}.Debug|Any CPU.Build.0 = Debug|Any CPU
		{5DDA6053-2BDA-43F7-B7C5-94EE3432A240}.Release|Any CPU.ActiveCfg = Release|Any CPU
		{5DDA6053-2BDA-43F7-B7C5-94EE3432A240}.Release|Any CPU.Build.0 = Release|Any CPU
		{133E878F-C2DD-4478-9760-E47AEDC36967}.Debug|Any CPU.ActiveCfg = Debug|Any CPU
		{133E878F-C2DD-4478-9760-E47AEDC36967}.Debug|Any CPU.Build.0 = Debug|Any CPU
		{133E878F-C2DD-4478-9760-E47AEDC36967}.Release|Any CPU.ActiveCfg = Release|Any CPU
		{133E878F-C2DD-4478-9760-E47AEDC36967}.Release|Any CPU.Build.0 = Release|Any CPU
		{BD82A5BE-CB56-43A5-8B82-A9C890902049}.Debug|Any CPU.ActiveCfg = Debug|Any CPU
		{BD82A5BE-CB56-43A5-8B82-A9C890902049}.Debug|Any CPU.Build.0 = Debug|Any CPU
		{BD82A5BE-CB56-43A5-8B82-A9C890902049}.Release|Any CPU.ActiveCfg = Release|Any CPU
		{BD82A5BE-CB56-43A5-8B82-A9C890902049}.Release|Any CPU.Build.0 = Release|Any CPU
		{7C4261FF-6FC8-4480-BE9B-987477E6E96C}.Debug|Any CPU.ActiveCfg = Debug|Any CPU
		{7C4261FF-6FC8-4480-BE9B-987477E6E96C}.Debug|Any CPU.Build.0 = Debug|Any CPU
		{7C4261FF-6FC8-4480-BE9B-987477E6E96C}.Release|Any CPU.ActiveCfg = Release|Any CPU
		{7C4261FF-6FC8-4480-BE9B-987477E6E96C}.Release|Any CPU.Build.0 = Release|Any CPU
		{1B57B616-93E5-4842-B40E-4F6D462AC47D}.Debug|Any CPU.ActiveCfg = Debug|Any CPU
		{1B57B616-93E5-4842-B40E-4F6D462AC47D}.Debug|Any CPU.Build.0 = Debug|Any CPU
		{1B57B616-93E5-4842-B40E-4F6D462AC47D}.Release|Any CPU.ActiveCfg = Release|Any CPU
		{1B57B616-93E5-4842-B40E-4F6D462AC47D}.Release|Any CPU.Build.0 = Release|Any CPU
		{B17E7FD5-9E43-4177-AEA1-482E58F5D6F9}.Debug|Any CPU.ActiveCfg = Debug|Any CPU
		{B17E7FD5-9E43-4177-AEA1-482E58F5D6F9}.Debug|Any CPU.Build.0 = Debug|Any CPU
		{B17E7FD5-9E43-4177-AEA1-482E58F5D6F9}.Release|Any CPU.ActiveCfg = Release|Any CPU
		{B17E7FD5-9E43-4177-AEA1-482E58F5D6F9}.Release|Any CPU.Build.0 = Release|Any CPU
		{152C564C-A38C-40F3-AC53-0814CDA588BE}.Debug|Any CPU.ActiveCfg = Debug|Any CPU
		{152C564C-A38C-40F3-AC53-0814CDA588BE}.Debug|Any CPU.Build.0 = Debug|Any CPU
		{152C564C-A38C-40F3-AC53-0814CDA588BE}.Release|Any CPU.ActiveCfg = Release|Any CPU
		{152C564C-A38C-40F3-AC53-0814CDA588BE}.Release|Any CPU.Build.0 = Release|Any CPU
		{13CDCBFD-13E9-4653-82D6-0890B4E782E2}.Debug|Any CPU.ActiveCfg = Debug|Any CPU
		{13CDCBFD-13E9-4653-82D6-0890B4E782E2}.Debug|Any CPU.Build.0 = Debug|Any CPU
		{13CDCBFD-13E9-4653-82D6-0890B4E782E2}.Release|Any CPU.ActiveCfg = Release|Any CPU
		{13CDCBFD-13E9-4653-82D6-0890B4E782E2}.Release|Any CPU.Build.0 = Release|Any CPU
		{E6C60197-71E1-4A6E-AE51-67D04B78B846}.Debug|Any CPU.ActiveCfg = Debug|Any CPU
		{E6C60197-71E1-4A6E-AE51-67D04B78B846}.Debug|Any CPU.Build.0 = Debug|Any CPU
		{E6C60197-71E1-4A6E-AE51-67D04B78B846}.Release|Any CPU.ActiveCfg = Release|Any CPU
		{E6C60197-71E1-4A6E-AE51-67D04B78B846}.Release|Any CPU.Build.0 = Release|Any CPU
		{01E25377-35C3-4808-8E8D-9D5C8FEBE933}.Debug|Any CPU.ActiveCfg = Debug|Any CPU
		{01E25377-35C3-4808-8E8D-9D5C8FEBE933}.Debug|Any CPU.Build.0 = Debug|Any CPU
		{01E25377-35C3-4808-8E8D-9D5C8FEBE933}.Release|Any CPU.ActiveCfg = Release|Any CPU
		{01E25377-35C3-4808-8E8D-9D5C8FEBE933}.Release|Any CPU.Build.0 = Release|Any CPU
		{095B2299-A3B9-41CE-9189-8F59AE131A0B}.Debug|Any CPU.ActiveCfg = Debug|Any CPU
		{095B2299-A3B9-41CE-9189-8F59AE131A0B}.Debug|Any CPU.Build.0 = Debug|Any CPU
		{095B2299-A3B9-41CE-9189-8F59AE131A0B}.Release|Any CPU.ActiveCfg = Release|Any CPU
		{095B2299-A3B9-41CE-9189-8F59AE131A0B}.Release|Any CPU.Build.0 = Release|Any CPU
		{98820309-1748-42CC-A5CF-5614B68527B1}.Debug|Any CPU.ActiveCfg = Debug|Any CPU
		{98820309-1748-42CC-A5CF-5614B68527B1}.Debug|Any CPU.Build.0 = Debug|Any CPU
		{98820309-1748-42CC-A5CF-5614B68527B1}.Release|Any CPU.ActiveCfg = Release|Any CPU
		{98820309-1748-42CC-A5CF-5614B68527B1}.Release|Any CPU.Build.0 = Release|Any CPU
		{2F934D48-FBE4-424B-B9E8-864D40B3DAC8}.Debug|Any CPU.ActiveCfg = Debug|Any CPU
		{2F934D48-FBE4-424B-B9E8-864D40B3DAC8}.Debug|Any CPU.Build.0 = Debug|Any CPU
		{2F934D48-FBE4-424B-B9E8-864D40B3DAC8}.Release|Any CPU.ActiveCfg = Release|Any CPU
		{2F934D48-FBE4-424B-B9E8-864D40B3DAC8}.Release|Any CPU.Build.0 = Release|Any CPU
		{3E047E67-40CD-44F5-A6D7-8C1249080DB5}.Debug|Any CPU.ActiveCfg = Debug|Any CPU
		{3E047E67-40CD-44F5-A6D7-8C1249080DB5}.Debug|Any CPU.Build.0 = Debug|Any CPU
		{3E047E67-40CD-44F5-A6D7-8C1249080DB5}.Release|Any CPU.ActiveCfg = Release|Any CPU
		{3E047E67-40CD-44F5-A6D7-8C1249080DB5}.Release|Any CPU.Build.0 = Release|Any CPU
		{20A901A1-C901-478D-962C-252BDC673D73}.Debug|Any CPU.ActiveCfg = Debug|Any CPU
		{20A901A1-C901-478D-962C-252BDC673D73}.Debug|Any CPU.Build.0 = Debug|Any CPU
		{20A901A1-C901-478D-962C-252BDC673D73}.Release|Any CPU.ActiveCfg = Release|Any CPU
		{20A901A1-C901-478D-962C-252BDC673D73}.Release|Any CPU.Build.0 = Release|Any CPU
		{89295FD9-093E-4296-BF04-4E8BC7D51852}.Debug|Any CPU.ActiveCfg = Debug|Any CPU
		{89295FD9-093E-4296-BF04-4E8BC7D51852}.Debug|Any CPU.Build.0 = Debug|Any CPU
		{89295FD9-093E-4296-BF04-4E8BC7D51852}.Release|Any CPU.ActiveCfg = Release|Any CPU
		{89295FD9-093E-4296-BF04-4E8BC7D51852}.Release|Any CPU.Build.0 = Release|Any CPU
		{075488EA-BB9A-4C2E-8BF2-F1E4927883E2}.Debug|Any CPU.ActiveCfg = Debug|Any CPU
		{075488EA-BB9A-4C2E-8BF2-F1E4927883E2}.Debug|Any CPU.Build.0 = Debug|Any CPU
		{075488EA-BB9A-4C2E-8BF2-F1E4927883E2}.Release|Any CPU.ActiveCfg = Release|Any CPU
		{075488EA-BB9A-4C2E-8BF2-F1E4927883E2}.Release|Any CPU.Build.0 = Release|Any CPU
		{B04FAC1E-B138-4580-BEA4-4C5AF7FBD0B3}.Debug|Any CPU.ActiveCfg = Debug|Any CPU
		{B04FAC1E-B138-4580-BEA4-4C5AF7FBD0B3}.Debug|Any CPU.Build.0 = Debug|Any CPU
		{B04FAC1E-B138-4580-BEA4-4C5AF7FBD0B3}.Release|Any CPU.ActiveCfg = Release|Any CPU
		{B04FAC1E-B138-4580-BEA4-4C5AF7FBD0B3}.Release|Any CPU.Build.0 = Release|Any CPU
		{8FEAE379-5E38-4C75-97E4-00445798E3F1}.Debug|Any CPU.ActiveCfg = Debug|Any CPU
		{8FEAE379-5E38-4C75-97E4-00445798E3F1}.Debug|Any CPU.Build.0 = Debug|Any CPU
		{8FEAE379-5E38-4C75-97E4-00445798E3F1}.Release|Any CPU.ActiveCfg = Release|Any CPU
		{8FEAE379-5E38-4C75-97E4-00445798E3F1}.Release|Any CPU.Build.0 = Release|Any CPU
	EndGlobalSection
	GlobalSection(SolutionProperties) = preSolution
		HideSolutionNode = FALSE
	EndGlobalSection
	GlobalSection(NestedProjects) = preSolution
		{353A576F-8F47-422D-BB89-B82E48D97F0E} = {959398CC-A5FC-4DAA-B702-1BB100A8D420}
		{68830472-3A2B-449B-97A2-9EBEDF6C7611} = {959398CC-A5FC-4DAA-B702-1BB100A8D420}
		{B87B7691-D383-4FC4-A7A9-EC951969E25D} = {06ECBBE0-506E-4253-A03E-EA1916E67BF4}
		{1A91E1FC-3AC4-4275-8D85-295BBF83283C} = {959398CC-A5FC-4DAA-B702-1BB100A8D420}
		{886F10C4-202A-437B-A362-BF3FCFDA94CA} = {959398CC-A5FC-4DAA-B702-1BB100A8D420}
		{C3966308-A7C0-4F75-9EE3-4754D5FED1F2} = {E9A4E8B5-7E3F-43B6-BB47-ACF1DEE7843C}
		{18FAAF2A-6211-41C0-A9A6-FB6165456971} = {959398CC-A5FC-4DAA-B702-1BB100A8D420}
		{360447E7-6A00-47AF-9938-0C88BEF51BA6} = {959398CC-A5FC-4DAA-B702-1BB100A8D420}
		{2FC4721A-A6D0-4658-804B-6ED320DE2ACB} = {856E79E1-A819-4EC1-AEF5-D20951C3D894}
		{332EAF7D-4535-45E8-A994-078052847274} = {856E79E1-A819-4EC1-AEF5-D20951C3D894}
		{DDEC90F4-4FE1-441A-9E43-15A1BE7A065C} = {856E79E1-A819-4EC1-AEF5-D20951C3D894}
		{684D8007-3A00-43B7-ACE7-02235CA5C173} = {856E79E1-A819-4EC1-AEF5-D20951C3D894}
		{09C58699-2A33-4F23-B426-D376E519B02E} = {856E79E1-A819-4EC1-AEF5-D20951C3D894}
		{A84205FC-332B-45EB-92FF-6A1ED8C52150} = {856E79E1-A819-4EC1-AEF5-D20951C3D894}
		{2EDDD92B-BF8B-4216-9D4B-767184B90F11} = {AF30347E-8ABC-4583-8117-87171A9AF7DA}
		{0E569FAD-80C3-4369-B323-AA86D6E0CD5B} = {8951B64C-8794-4F32-9163-1E000192A8EC}
		{51BE636A-2D82-40E2-ABF3-4E3D16997C44} = {8951B64C-8794-4F32-9163-1E000192A8EC}
		{B290FC8D-3095-4567-AA0C-CCA4DED2BA9C} = {8951B64C-8794-4F32-9163-1E000192A8EC}
		{F896920D-36C4-458E-BE69-2187EA4040C3} = {B7B53FC9-58A0-4167-A655-C93A553563EA}
		{6A2A0BF3-DD58-4117-9A38-C344107EEE26} = {856E79E1-A819-4EC1-AEF5-D20951C3D894}
		{FC27FC9F-EB7D-48F5-9B06-0CC33DAD5A52} = {856E79E1-A819-4EC1-AEF5-D20951C3D894}
		{414296C7-F600-4ACF-A42F-7EEEE28AE2A4} = {856E79E1-A819-4EC1-AEF5-D20951C3D894}
		{929C3112-6F01-4E8F-BFEA-B083EE80E911} = {E0F605D0-C402-4F1A-87CE-23CD8D3BA66B}
		{48241350-1AFD-4B95-99DE-BE8E07A01BFD} = {E0F605D0-C402-4F1A-87CE-23CD8D3BA66B}
		{D72D634D-EE1A-4A9B-AC1F-E3CBA20CB39C} = {E0F605D0-C402-4F1A-87CE-23CD8D3BA66B}
		{B6627212-C81E-4175-9514-9DC5FE13B72E} = {856E79E1-A819-4EC1-AEF5-D20951C3D894}
		{D34F526E-B06E-43F4-A8D6-B4878A89B11B} = {856E79E1-A819-4EC1-AEF5-D20951C3D894}
		{28F50031-9EFE-423E-BE86-718DD2A6757D} = {856E79E1-A819-4EC1-AEF5-D20951C3D894}
		{FC7DE647-BD86-473B-8DFB-803A4310D29D} = {856E79E1-A819-4EC1-AEF5-D20951C3D894}
		{633D34DD-771C-4A80-A069-D7C46F3A69FE} = {856E79E1-A819-4EC1-AEF5-D20951C3D894}
		{5DDA6053-2BDA-43F7-B7C5-94EE3432A240} = {856E79E1-A819-4EC1-AEF5-D20951C3D894}
		{133E878F-C2DD-4478-9760-E47AEDC36967} = {856E79E1-A819-4EC1-AEF5-D20951C3D894}
		{BD82A5BE-CB56-43A5-8B82-A9C890902049} = {856E79E1-A819-4EC1-AEF5-D20951C3D894}
		{7C4261FF-6FC8-4480-BE9B-987477E6E96C} = {856E79E1-A819-4EC1-AEF5-D20951C3D894}
		{1B57B616-93E5-4842-B40E-4F6D462AC47D} = {856E79E1-A819-4EC1-AEF5-D20951C3D894}
		{B17E7FD5-9E43-4177-AEA1-482E58F5D6F9} = {856E79E1-A819-4EC1-AEF5-D20951C3D894}
		{152C564C-A38C-40F3-AC53-0814CDA588BE} = {856E79E1-A819-4EC1-AEF5-D20951C3D894}
		{13CDCBFD-13E9-4653-82D6-0890B4E782E2} = {856E79E1-A819-4EC1-AEF5-D20951C3D894}
		{E6C60197-71E1-4A6E-AE51-67D04B78B846} = {959398CC-A5FC-4DAA-B702-1BB100A8D420}
		{01E25377-35C3-4808-8E8D-9D5C8FEBE933} = {959398CC-A5FC-4DAA-B702-1BB100A8D420}
		{095B2299-A3B9-41CE-9189-8F59AE131A0B} = {959398CC-A5FC-4DAA-B702-1BB100A8D420}
		{98820309-1748-42CC-A5CF-5614B68527B1} = {959398CC-A5FC-4DAA-B702-1BB100A8D420}
		{2F934D48-FBE4-424B-B9E8-864D40B3DAC8} = {959398CC-A5FC-4DAA-B702-1BB100A8D420}
		{3E047E67-40CD-44F5-A6D7-8C1249080DB5} = {959398CC-A5FC-4DAA-B702-1BB100A8D420}
		{20A901A1-C901-478D-962C-252BDC673D73} = {856E79E1-A819-4EC1-AEF5-D20951C3D894}
		{89295FD9-093E-4296-BF04-4E8BC7D51852} = {959398CC-A5FC-4DAA-B702-1BB100A8D420}
		{075488EA-BB9A-4C2E-8BF2-F1E4927883E2} = {959398CC-A5FC-4DAA-B702-1BB100A8D420}
		{B04FAC1E-B138-4580-BEA4-4C5AF7FBD0B3} = {959398CC-A5FC-4DAA-B702-1BB100A8D420}
		{8FEAE379-5E38-4C75-97E4-00445798E3F1} = {E9A4E8B5-7E3F-43B6-BB47-ACF1DEE7843C}
	EndGlobalSection
	GlobalSection(ExtensibilityGlobals) = postSolution
		SolutionGuid = {41CE4C0E-668A-41A2-BAC1-CEB83D386B83}
	EndGlobalSection
EndGlobal
